
Microsoft Visual Studio Solution File, Format Version 12.00
# Visual Studio Version 16
VisualStudioVersion = 16.0.31410.357
MinimumVisualStudioVersion = 10.0.40219.1
Project("{FAE04EC0-301F-11D3-BF4B-00C04F79EFBC}") = "BookMyShowV2", "BookMyShowV2\BookMyShowV2.csproj", "{1F1CF0D9-4C57-4CDC-9826-C2E7AD40E4BB}"
EndProject
Global
	GlobalSection(SolutionConfigurationPlatforms) = preSolution
		Debug|Any CPU = Debug|Any CPU
		Release|Any CPU = Release|Any CPU
	EndGlobalSection
	GlobalSection(ProjectConfigurationPlatforms) = postSolution
		{1F1CF0D9-4C57-4CDC-9826-C2E7AD40E4BB}.Debug|Any CPU.ActiveCfg = Debug|Any CPU
		{1F1CF0D9-4C57-4CDC-9826-C2E7AD40E4BB}.Debug|Any CPU.Build.0 = Debug|Any CPU
		{1F1CF0D9-4C57-4CDC-9826-C2E7AD40E4BB}.Release|Any CPU.ActiveCfg = Release|Any CPU
		{1F1CF0D9-4C57-4CDC-9826-C2E7AD40E4BB}.Release|Any CPU.Build.0 = Release|Any CPU
	EndGlobalSection
	GlobalSection(SolutionProperties) = preSolution
		HideSolutionNode = FALSE
	EndGlobalSection
	GlobalSection(ExtensibilityGlobals) = postSolution
		SolutionGuid = {32696CAC-A19A-49E6-A969-5F1F0DD33438}
	EndGlobalSection
EndGlobal
