
Microsoft Visual Studio Solution File, Format Version 12.00
# Visual Studio Version 16
VisualStudioVersion = 16.0.31410.357
MinimumVisualStudioVersion = 10.0.40219.1
Project("{9A19103F-16F7-4668-BE54-9A1E7A4F7556}") = "BookMyShow", "BookMyShow\BookMyShow.csproj", "{D397F70E-D3F1-4305-8545-CE59EEF5A7DC}"
EndProject
Project("{9A19103F-16F7-4668-BE54-9A1E7A4F7556}") = "BookMyShow.Models", "BookMyShow.Models\BookMyShow.Models.csproj", "{EABAFE51-A612-46C5-9456-FC005290D3FE}"
EndProject
Project("{9A19103F-16F7-4668-BE54-9A1E7A4F7556}") = "BookMyShow.Services", "BookMyShow.Services\BookMyShow.Services.csproj", "{2AAAE7E1-AAE3-4D3C-994E-C53E2638F4A7}"
EndProject
Project("{FAE04EC0-301F-11D3-BF4B-00C04F79EFBC}") = "BookMyShow.Data", "BookMyShow.Data\BookMyShow.Data.csproj", "{5D31D74E-2B26-43DC-A2EE-11EF20F38857}"
EndProject
Global
	GlobalSection(SolutionConfigurationPlatforms) = preSolution
		Debug|Any CPU = Debug|Any CPU
		Release|Any CPU = Release|Any CPU
	EndGlobalSection
	GlobalSection(ProjectConfigurationPlatforms) = postSolution
		{D397F70E-D3F1-4305-8545-CE59EEF5A7DC}.Debug|Any CPU.ActiveCfg = Debug|Any CPU
		{D397F70E-D3F1-4305-8545-CE59EEF5A7DC}.Debug|Any CPU.Build.0 = Debug|Any CPU
		{D397F70E-D3F1-4305-8545-CE59EEF5A7DC}.Release|Any CPU.ActiveCfg = Release|Any CPU
		{D397F70E-D3F1-4305-8545-CE59EEF5A7DC}.Release|Any CPU.Build.0 = Release|Any CPU
		{EABAFE51-A612-46C5-9456-FC005290D3FE}.Debug|Any CPU.ActiveCfg = Debug|Any CPU
		{EABAFE51-A612-46C5-9456-FC005290D3FE}.Debug|Any CPU.Build.0 = Debug|Any CPU
		{EABAFE51-A612-46C5-9456-FC005290D3FE}.Release|Any CPU.ActiveCfg = Release|Any CPU
		{EABAFE51-A612-46C5-9456-FC005290D3FE}.Release|Any CPU.Build.0 = Release|Any CPU
		{2AAAE7E1-AAE3-4D3C-994E-C53E2638F4A7}.Debug|Any CPU.ActiveCfg = Debug|Any CPU
		{2AAAE7E1-AAE3-4D3C-994E-C53E2638F4A7}.Debug|Any CPU.Build.0 = Debug|Any CPU
		{2AAAE7E1-AAE3-4D3C-994E-C53E2638F4A7}.Release|Any CPU.ActiveCfg = Release|Any CPU
		{2AAAE7E1-AAE3-4D3C-994E-C53E2638F4A7}.Release|Any CPU.Build.0 = Release|Any CPU
		{5D31D74E-2B26-43DC-A2EE-11EF20F38857}.Debug|Any CPU.ActiveCfg = Debug|Any CPU
		{5D31D74E-2B26-43DC-A2EE-11EF20F38857}.Debug|Any CPU.Build.0 = Debug|Any CPU
		{5D31D74E-2B26-43DC-A2EE-11EF20F38857}.Release|Any CPU.ActiveCfg = Release|Any CPU
		{5D31D74E-2B26-43DC-A2EE-11EF20F38857}.Release|Any CPU.Build.0 = Release|Any CPU
	EndGlobalSection
	GlobalSection(SolutionProperties) = preSolution
		HideSolutionNode = FALSE
	EndGlobalSection
	GlobalSection(ExtensibilityGlobals) = postSolution
		SolutionGuid = {32B429A3-42A0-4DE6-A778-69C27CF2205A}
	EndGlobalSection
EndGlobal
